# Immutable image reference for docker-compose.production.yml
# Tag: 0.8.2-pg18-bookworm (Debian 12 stable — prefer over trixie for production)
# Refresh digest after security patches:
#   docker buildx imagetools inspect pgvector/pgvector:0.8.2-pg18-bookworm --format "{{.Manifest.Digest}}"
pgvector/pgvector:0.8.2-pg18-bookworm@sha256:42e7f6b4e1eceb02ff14e3e6bc6108bbe259abbe83879dc1845d0da1ddeb555d
